
Microsoft Visual Studio Solution File, Format Version 12.00
# Visual Studio Version 17
VisualStudioVersion = 17.0.32014.148
MinimumVisualStudioVersion = 10.0.40219.1
Project("{FAE04EC0-301F-11D3-BF4B-00C04F79EFBC}") = "HueLights.Cli", "HueLights.Cli\HueLights.Cli.csproj", "{2F24B5BF-D5BB-4785-B8D9-82558C18ADDC}"
EndProject
Project("{FAE04EC0-301F-11D3-BF4B-00C04F79EFBC}") = "HueLights.Infrastructure", "HueLights.Infrastructure\HueLights.Infrastructure.csproj", "{A6DC990B-3D27-46C2-B0EC-C3F0EF96A09C}"
EndProject
Global
	GlobalSection(SolutionConfigurationPlatforms) = preSolution
		Debug|Any CPU = Debug|Any CPU
		Release|Any CPU = Release|Any CPU
	EndGlobalSection
	GlobalSection(ProjectConfigurationPlatforms) = postSolution
		{2F24B5BF-D5BB-4785-B8D9-82558C18ADDC}.Debug|Any CPU.ActiveCfg = Debug|Any CPU
		{2F24B5BF-D5BB-4785-B8D9-82558C18ADDC}.Debug|Any CPU.Build.0 = Debug|Any CPU
		{2F24B5BF-D5BB-4785-B8D9-82558C18ADDC}.Release|Any CPU.ActiveCfg = Release|Any CPU
		{2F24B5BF-D5BB-4785-B8D9-82558C18ADDC}.Release|Any CPU.Build.0 = Release|Any CPU
		{A6DC990B-3D27-46C2-B0EC-C3F0EF96A09C}.Debug|Any CPU.ActiveCfg = Debug|Any CPU
		{A6DC990B-3D27-46C2-B0EC-C3F0EF96A09C}.Debug|Any CPU.Build.0 = Debug|Any CPU
		{A6DC990B-3D27-46C2-B0EC-C3F0EF96A09C}.Release|Any CPU.ActiveCfg = Release|Any CPU
		{A6DC990B-3D27-46C2-B0EC-C3F0EF96A09C}.Release|Any CPU.Build.0 = Release|Any CPU
	EndGlobalSection
	GlobalSection(SolutionProperties) = preSolution
		HideSolutionNode = FALSE
	EndGlobalSection
	GlobalSection(ExtensibilityGlobals) = postSolution
		SolutionGuid = {C6EBE042-9696-4466-9637-899E4879A9FC}
	EndGlobalSection
EndGlobal
